
Microsoft Visual Studio Solution File, Format Version 12.00
# Visual Studio Version 16
VisualStudioVersion = 16.0.31424.327
MinimumVisualStudioVersion = 10.0.40219.1
Project("{FAE04EC0-301F-11D3-BF4B-00C04F79EFBC}") = "Inquiries", "Inquiries\Inquiries.csproj", "{FB0CC70E-5410-4A81-A856-8E7A548267EC}"
EndProject
Global
	GlobalSection(SolutionConfigurationPlatforms) = preSolution
		Debug|Any CPU = Debug|Any CPU
		Release|Any CPU = Release|Any CPU
	EndGlobalSection
	GlobalSection(ProjectConfigurationPlatforms) = postSolution
		{FB0CC70E-5410-4A81-A856-8E7A548267EC}.Debug|Any CPU.ActiveCfg = Debug|Any CPU
		{FB0CC70E-5410-4A81-A856-8E7A548267EC}.Debug|Any CPU.Build.0 = Debug|Any CPU
		{FB0CC70E-5410-4A81-A856-8E7A548267EC}.Release|Any CPU.ActiveCfg = Release|Any CPU
		{FB0CC70E-5410-4A81-A856-8E7A548267EC}.Release|Any CPU.Build.0 = Release|Any CPU
	EndGlobalSection
	GlobalSection(SolutionProperties) = preSolution
		HideSolutionNode = FALSE
	EndGlobalSection
	GlobalSection(ExtensibilityGlobals) = postSolution
		SolutionGuid = {832FADBA-577B-4B6B-B3DA-55171997D9E8}
	EndGlobalSection
EndGlobal
